
Microsoft Visual Studio Solution File, Format Version 12.00
# Visual Studio Version 16
VisualStudioVersion = 16.0.29324.140
MinimumVisualStudioVersion = 10.0.40219.1
Project("{9A19103F-16F7-4668-BE54-9A1E7A4F7556}") = "Puppeteer", "Puppeteer\Puppeteer.csproj", "{7BD287CC-B69E-4910-8F95-82DDAB1644C7}"
EndProject
Project("{9A19103F-16F7-4668-BE54-9A1E7A4F7556}") = "ClassLibrary", "ClassLibrary\ClassLibrary.csproj", "{9434ECD2-C1B0-4ECE-994E-45AAF134AD7B}"
EndProject
Global
	GlobalSection(SolutionConfigurationPlatforms) = preSolution
		Debug|Any CPU = Debug|Any CPU
		Release|Any CPU = Release|Any CPU
	EndGlobalSection
	GlobalSection(ProjectConfigurationPlatforms) = postSolution
		{7BD287CC-B69E-4910-8F95-82DDAB1644C7}.Debug|Any CPU.ActiveCfg = Debug|Any CPU
		{7BD287CC-B69E-4910-8F95-82DDAB1644C7}.Debug|Any CPU.Build.0 = Debug|Any CPU
		{7BD287CC-B69E-4910-8F95-82DDAB1644C7}.Release|Any CPU.ActiveCfg = Release|Any CPU
		{7BD287CC-B69E-4910-8F95-82DDAB1644C7}.Release|Any CPU.Build.0 = Release|Any CPU
		{9434ECD2-C1B0-4ECE-994E-45AAF134AD7B}.Debug|Any CPU.ActiveCfg = Debug|Any CPU
		{9434ECD2-C1B0-4ECE-994E-45AAF134AD7B}.Debug|Any CPU.Build.0 = Debug|Any CPU
		{9434ECD2-C1B0-4ECE-994E-45AAF134AD7B}.Release|Any CPU.ActiveCfg = Release|Any CPU
		{9434ECD2-C1B0-4ECE-994E-45AAF134AD7B}.Release|Any CPU.Build.0 = Release|Any CPU
	EndGlobalSection
	GlobalSection(SolutionProperties) = preSolution
		HideSolutionNode = FALSE
	EndGlobalSection
	GlobalSection(ExtensibilityGlobals) = postSolution
		SolutionGuid = {2150C8A9-E810-4D01-A5E7-1EC2464DA23C}
	EndGlobalSection
EndGlobal
